
Microsoft Visual Studio Solution File, Format Version 12.00
# Visual Studio Version 16
VisualStudioVersion = 16.0.30011.22
MinimumVisualStudioVersion = 10.0.40219.1
Project("{FAE04EC0-301F-11D3-BF4B-00C04F79EFBC}") = "DeveloperEnvironmentExam2020", "DeveloperEnvironmentExam2020\DeveloperEnvironmentExam2020.csproj", "{A2FB6004-7802-4ABE-A10C-52409D5622CD}"
EndProject
Global
	GlobalSection(SolutionConfigurationPlatforms) = preSolution
		Debug|Any CPU = Debug|Any CPU
		Release|Any CPU = Release|Any CPU
	EndGlobalSection
	GlobalSection(ProjectConfigurationPlatforms) = postSolution
		{A2FB6004-7802-4ABE-A10C-52409D5622CD}.Debug|Any CPU.ActiveCfg = Debug|Any CPU
		{A2FB6004-7802-4ABE-A10C-52409D5622CD}.Debug|Any CPU.Build.0 = Debug|Any CPU
		{A2FB6004-7802-4ABE-A10C-52409D5622CD}.Release|Any CPU.ActiveCfg = Release|Any CPU
		{A2FB6004-7802-4ABE-A10C-52409D5622CD}.Release|Any CPU.Build.0 = Release|Any CPU
	EndGlobalSection
	GlobalSection(SolutionProperties) = preSolution
		HideSolutionNode = FALSE
	EndGlobalSection
	GlobalSection(ExtensibilityGlobals) = postSolution
		SolutionGuid = {FE188368-FD42-4DFF-9ECD-992833B84FD7}
	EndGlobalSection
EndGlobal
